
Microsoft Visual Studio Solution File, Format Version 12.00
# Visual Studio Version 17
VisualStudioVersion = 17.7.34221.43
MinimumVisualStudioVersion = 10.0.40219.1
Project("{FAE04EC0-301F-11D3-BF4B-00C04F79EFBC}") = "TwoMicTest", "TwoMicTest\TwoMicTest.csproj", "{04DD9719-7DE9-444B-A5BF-8F8BD69371CD}"
EndProject
Global
	GlobalSection(SolutionConfigurationPlatforms) = preSolution
		Debug|Any CPU = Debug|Any CPU
		Release|Any CPU = Release|Any CPU
	EndGlobalSection
	GlobalSection(ProjectConfigurationPlatforms) = postSolution
		{04DD9719-7DE9-444B-A5BF-8F8BD69371CD}.Debug|Any CPU.ActiveCfg = Debug|Any CPU
		{04DD9719-7DE9-444B-A5BF-8F8BD69371CD}.Debug|Any CPU.Build.0 = Debug|Any CPU
		{04DD9719-7DE9-444B-A5BF-8F8BD69371CD}.Release|Any CPU.ActiveCfg = Release|Any CPU
		{04DD9719-7DE9-444B-A5BF-8F8BD69371CD}.Release|Any CPU.Build.0 = Release|Any CPU
	EndGlobalSection
	GlobalSection(SolutionProperties) = preSolution
		HideSolutionNode = FALSE
	EndGlobalSection
	GlobalSection(ExtensibilityGlobals) = postSolution
		SolutionGuid = {861FC749-FFC0-42FD-BB3C-EB7C3B0D2748}
	EndGlobalSection
EndGlobal
